
Microsoft Visual Studio Solution File, Format Version 12.00
# Visual Studio 2015
Project("{FAE04EC0-301F-11D3-BF4B-00C04F79EFBC}") = "ARHelloWorld.CSharp", "ARHelloWorld.CSharp.csproj", "{6D240013-7086-F28E-2390-7689D66110B0}"
EndProject
Project("{FAE04EC0-301F-11D3-BF4B-00C04F79EFBC}") = "ARHelloWorld.CSharp.Editor", "ARHelloWorld.CSharp.Editor.csproj", "{002D84CA-D464-A64D-5B58-CCB62726B59C}"
EndProject
Global
	GlobalSection(SolutionConfigurationPlatforms) = preSolution
		Debug|Any CPU = Debug|Any CPU
		Release|Any CPU = Release|Any CPU
	EndGlobalSection
	GlobalSection(ProjectConfigurationPlatforms) = postSolution
		{6D240013-7086-F28E-2390-7689D66110B0}.Debug|Any CPU.ActiveCfg = Debug|Any CPU
		{6D240013-7086-F28E-2390-7689D66110B0}.Debug|Any CPU.Build.0 = Debug|Any CPU
		{6D240013-7086-F28E-2390-7689D66110B0}.Release|Any CPU.ActiveCfg = Release|Any CPU
		{6D240013-7086-F28E-2390-7689D66110B0}.Release|Any CPU.Build.0 = Release|Any CPU
		{002D84CA-D464-A64D-5B58-CCB62726B59C}.Debug|Any CPU.ActiveCfg = Debug|Any CPU
		{002D84CA-D464-A64D-5B58-CCB62726B59C}.Debug|Any CPU.Build.0 = Debug|Any CPU
		{002D84CA-D464-A64D-5B58-CCB62726B59C}.Release|Any CPU.ActiveCfg = Release|Any CPU
		{002D84CA-D464-A64D-5B58-CCB62726B59C}.Release|Any CPU.Build.0 = Release|Any CPU
	EndGlobalSection
	GlobalSection(SolutionProperties) = preSolution
		HideSolutionNode = FALSE
	EndGlobalSection
EndGlobal
